
Microsoft Visual Studio Solution File, Format Version 12.00
# Visual Studio Version 17
VisualStudioVersion = 17.11.35219.272
MinimumVisualStudioVersion = 10.0.40219.1
Project("{FAE04EC0-301F-11D3-BF4B-00C04F79EFBC}") = "FirstAPI", "FirstAPI\FirstAPI.csproj", "{07436B37-033F-4B6E-8683-1C1D5BC74436}"
EndProject
Global
	GlobalSection(SolutionConfigurationPlatforms) = preSolution
		Debug|Any CPU = Debug|Any CPU
		Release|Any CPU = Release|Any CPU
	EndGlobalSection
	GlobalSection(ProjectConfigurationPlatforms) = postSolution
		{07436B37-033F-4B6E-8683-1C1D5BC74436}.Debug|Any CPU.ActiveCfg = Debug|Any CPU
		{07436B37-033F-4B6E-8683-1C1D5BC74436}.Debug|Any CPU.Build.0 = Debug|Any CPU
		{07436B37-033F-4B6E-8683-1C1D5BC74436}.Release|Any CPU.ActiveCfg = Release|Any CPU
		{07436B37-033F-4B6E-8683-1C1D5BC74436}.Release|Any CPU.Build.0 = Release|Any CPU
	EndGlobalSection
	GlobalSection(SolutionProperties) = preSolution
		HideSolutionNode = FALSE
	EndGlobalSection
	GlobalSection(ExtensibilityGlobals) = postSolution
		SolutionGuid = {17279703-D9BB-449D-A21E-167AF972D0C9}
	EndGlobalSection
EndGlobal
